// !$*UTF8*$!
{
	archiveVersion = 1;
	classes = {
	};
	objectVersion = 46;
	objects = {

/* Begin PBXBuildFile section */
		A49898C31B79463800FF8C1B /* AppDelegate.swift in Sources */ = {isa = PBXBuildFile; fileRef = A49898C21B79463800FF8C1B /* AppDelegate.swift */; };
		A49898C51B79463800FF8C1B /* ViewController.swift in Sources */ = {isa = PBXBuildFile; fileRef = A49898C41B79463800FF8C1B /* ViewController.swift */; };
		A49898C81B79463800FF8C1B /* Main.storyboard in Resources */ = {isa = PBXBuildFile; fileRef = A49898C61B79463800FF8C1B /* Main.storyboard */; };
		A49898CA1B79463800FF8C1B /* Assets.xcassets in Resources */ = {isa = PBXBuildFile; fileRef = A49898C91B79463800FF8C1B /* Assets.xcassets */; };
		A49898CD1B79463800FF8C1B /* LaunchScreen.storyboard in Resources */ = {isa = PBXBuildFile; fileRef = A49898CB1B79463800FF8C1B /* LaunchScreen.storyboard */; };
		A49898D81B79463800FF8C1B /* MusicLibraryTests.swift in Sources */ = {isa = PBXBuildFile; fileRef = A49898D71B79463800FF8C1B /* MusicLibraryTests.swift */; };
		A49898E31B79463800FF8C1B /* MusicLibraryUITests.swift in Sources */ = {isa = PBXBuildFile; fileRef = A49898E21B79463800FF8C1B /* MusicLibraryUITests.swift */; };
		A49898F31B79467000FF8C1B /* Album.swift in Sources */ = {isa = PBXBuildFile; fileRef = A49898F21B79467000FF8C1B /* Album.swift */; };
		A49898F51B79480200FF8C1B /* AlbumView.swift in Sources */ = {isa = PBXBuildFile; fileRef = A49898F41B79480200FF8C1B /* AlbumView.swift */; };
		A49898F91B7997E000FF8C1B /* LibraryAPI.swift in Sources */ = {isa = PBXBuildFile; fileRef = A49898F81B7997E000FF8C1B /* LibraryAPI.swift */; };
		A49898FB1B799A5B00FF8C1B /* PersistanceManager.swift in Sources */ = {isa = PBXBuildFile; fileRef = A49898FA1B799A5B00FF8C1B /* PersistanceManager.swift */; };
		A49898FD1B799FE600FF8C1B /* HTTPClient.swift in Sources */ = {isa = PBXBuildFile; fileRef = A49898FC1B799FE600FF8C1B /* HTTPClient.swift */; };
/* End PBXBuildFile section */

/* Begin PBXContainerItemProxy section */
		A49898D41B79463800FF8C1B /* PBXContainerItemProxy */ = {
			isa = PBXContainerItemProxy;
			containerPortal = A49898B71B79463800FF8C1B /* Project object */;
			proxyType = 1;
			remoteGlobalIDString = A49898BE1B79463800FF8C1B;
			remoteInfo = MusicLibrary;
		};
		A49898DF1B79463800FF8C1B /* PBXContainerItemProxy */ = {
			isa = PBXContainerItemProxy;
			containerPortal = A49898B71B79463800FF8C1B /* Project object */;
			proxyType = 1;
			remoteGlobalIDString = A49898BE1B79463800FF8C1B;
			remoteInfo = MusicLibrary;
		};
/* End PBXContainerItemProxy section */

/* Begin PBXFileReference section */
		A49898BF1B79463800FF8C1B /* MusicLibrary.app */ = {isa = PBXFileReference; explicitFileType = wrapper.application; includeInIndex = 0; path = MusicLibrary.app; sourceTree = BUILT_PRODUCTS_DIR; };
		A49898C21B79463800FF8C1B /* AppDelegate.swift */ = {isa = PBXFileReference; lastKnownFileType = sourcecode.swift; path = AppDelegate.swift; sourceTree = "<group>"; };
		A49898C41B79463800FF8C1B /* ViewController.swift */ = {isa = PBXFileReference; lastKnownFileType = sourcecode.swift; name = ViewController.swift; path = MusicLibrary/ViewController.swift; sourceTree = "<group>"; };
		A49898C71B79463800FF8C1B /* Base */ = {isa = PBXFileReference; lastKnownFileType = file.storyboard; name = Base; path = Base.lproj/Main.storyboard; sourceTree = "<group>"; };
		A49898C91B79463800FF8C1B /* Assets.xcassets */ = {isa = PBXFileReference; lastKnownFileType = folder.assetcatalog; path = Assets.xcassets; sourceTree = "<group>"; };
		A49898CC1B79463800FF8C1B /* Base */ = {isa = PBXFileReference; lastKnownFileType = file.storyboard; name = Base; path = Base.lproj/LaunchScreen.storyboard; sourceTree = "<group>"; };
		A49898CE1B79463800FF8C1B /* Info.plist */ = {isa = PBXFileReference; lastKnownFileType = text.plist.xml; path = Info.plist; sourceTree = "<group>"; };
		A49898D31B79463800FF8C1B /* MusicLibraryTests.xctest */ = {isa = PBXFileReference; explicitFileType = wrapper.cfbundle; includeInIndex = 0; path = MusicLibraryTests.xctest; sourceTree = BUILT_PRODUCTS_DIR; };
		A49898D71B79463800FF8C1B /* MusicLibraryTests.swift */ = {isa = PBXFileReference; lastKnownFileType = sourcecode.swift; path = MusicLibraryTests.swift; sourceTree = "<group>"; };
		A49898D91B79463800FF8C1B /* Info.plist */ = {isa = PBXFileReference; lastKnownFileType = text.plist.xml; path = Info.plist; sourceTree = "<group>"; };
		A49898DE1B79463800FF8C1B /* MusicLibraryUITests.xctest */ = {isa = PBXFileReference; explicitFileType = wrapper.cfbundle; includeInIndex = 0; path = MusicLibraryUITests.xctest; sourceTree = BUILT_PRODUCTS_DIR; };
		A49898E21B79463800FF8C1B /* MusicLibraryUITests.swift */ = {isa = PBXFileReference; lastKnownFileType = sourcecode.swift; path = MusicLibraryUITests.swift; sourceTree = "<group>"; };
		A49898E41B79463800FF8C1B /* Info.plist */ = {isa = PBXFileReference; lastKnownFileType = text.plist.xml; path = Info.plist; sourceTree = "<group>"; };
		A49898F21B79467000FF8C1B /* Album.swift */ = {isa = PBXFileReference; fileEncoding = 4; lastKnownFileType = sourcecode.swift; path = Album.swift; sourceTree = "<group>"; };
		A49898F41B79480200FF8C1B /* AlbumView.swift */ = {isa = PBXFileReference; fileEncoding = 4; lastKnownFileType = sourcecode.swift; path = AlbumView.swift; sourceTree = "<group>"; };
		A49898F81B7997E000FF8C1B /* LibraryAPI.swift */ = {isa = PBXFileReference; fileEncoding = 4; lastKnownFileType = sourcecode.swift; path = LibraryAPI.swift; sourceTree = "<group>"; };
		A49898FA1B799A5B00FF8C1B /* PersistanceManager.swift */ = {isa = PBXFileReference; fileEncoding = 4; lastKnownFileType = sourcecode.swift; path = PersistanceManager.swift; sourceTree = "<group>"; };
		A49898FC1B799FE600FF8C1B /* HTTPClient.swift */ = {isa = PBXFileReference; fileEncoding = 4; lastKnownFileType = sourcecode.swift; path = HTTPClient.swift; sourceTree = "<group>"; };
/* End PBXFileReference section */

/* Begin PBXFrameworksBuildPhase section */
		A49898BC1B79463800FF8C1B /* Frameworks */ = {
			isa = PBXFrameworksBuildPhase;
			buildActionMask = 2147483647;
			files = (
			);
			runOnlyForDeploymentPostprocessing = 0;
		};
		A49898D01B79463800FF8C1B /* Frameworks */ = {
			isa = PBXFrameworksBuildPhase;
			buildActionMask = 2147483647;
			files = (
			);
			runOnlyForDeploymentPostprocessing = 0;
		};
		A49898DB1B79463800FF8C1B /* Frameworks */ = {
			isa = PBXFrameworksBuildPhase;
			buildActionMask = 2147483647;
			files = (
			);
			runOnlyForDeploymentPostprocessing = 0;
		};
/* End PBXFrameworksBuildPhase section */

/* Begin PBXGroup section */
		A49898B61B79463800FF8C1B = {
			isa = PBXGroup;
			children = (
				A49898F71B7997CB00FF8C1B /* API */,
				A49898F01B79464C00FF8C1B /* Modal */,
				A49898F61B79494400FF8C1B /* View */,
				A49898F11B79465D00FF8C1B /* Controller */,
				A49898C11B79463800FF8C1B /* MusicLibrary */,
				A49898D61B79463800FF8C1B /* MusicLibraryTests */,
				A49898E11B79463800FF8C1B /* MusicLibraryUITests */,
				A49898C01B79463800FF8C1B /* Products */,
			);
			sourceTree = "<group>";
		};
		A49898C01B79463800FF8C1B /* Products */ = {
			isa = PBXGroup;
			children = (
				A49898BF1B79463800FF8C1B /* MusicLibrary.app */,
				A49898D31B79463800FF8C1B /* MusicLibraryTests.xctest */,
				A49898DE1B79463800FF8C1B /* MusicLibraryUITests.xctest */,
			);
			name = Products;
			sourceTree = "<group>";
		};
		A49898C11B79463800FF8C1B /* MusicLibrary */ = {
			isa = PBXGroup;
			children = (
				A49898C21B79463800FF8C1B /* AppDelegate.swift */,
				A49898C61B79463800FF8C1B /* Main.storyboard */,
				A49898C91B79463800FF8C1B /* Assets.xcassets */,
				A49898CB1B79463800FF8C1B /* LaunchScreen.storyboard */,
				A49898CE1B79463800FF8C1B /* Info.plist */,
			);
			path = MusicLibrary;
			sourceTree = "<group>";
		};
		A49898D61B79463800FF8C1B /* MusicLibraryTests */ = {
			isa = PBXGroup;
			children = (
				A49898D71B79463800FF8C1B /* MusicLibraryTests.swift */,
				A49898D91B79463800FF8C1B /* Info.plist */,
			);
			path = MusicLibraryTests;
			sourceTree = "<group>";
		};
		A49898E11B79463800FF8C1B /* MusicLibraryUITests */ = {
			isa = PBXGroup;
			children = (
				A49898E21B79463800FF8C1B /* MusicLibraryUITests.swift */,
				A49898E41B79463800FF8C1B /* Info.plist */,
			);
			path = MusicLibraryUITests;
			sourceTree = "<group>";
		};
		A49898F01B79464C00FF8C1B /* Modal */ = {
			isa = PBXGroup;
			children = (
				A49898F21B79467000FF8C1B /* Album.swift */,
			);
			name = Modal;
			sourceTree = "<group>";
		};
		A49898F11B79465D00FF8C1B /* Controller */ = {
			isa = PBXGroup;
			children = (
				A49898C41B79463800FF8C1B /* ViewController.swift */,
			);
			name = Controller;
			sourceTree = "<group>";
		};
		A49898F61B79494400FF8C1B /* View */ = {
			isa = PBXGroup;
			children = (
				A49898F41B79480200FF8C1B /* AlbumView.swift */,
			);
			name = View;
			path = MusicLibrary;
			sourceTree = "<group>";
		};
		A49898F71B7997CB00FF8C1B /* API */ = {
			isa = PBXGroup;
			children = (
				A49898FC1B799FE600FF8C1B /* HTTPClient.swift */,
				A49898F81B7997E000FF8C1B /* LibraryAPI.swift */,
				A49898FA1B799A5B00FF8C1B /* PersistanceManager.swift */,
			);
			name = API;
			sourceTree = "<group>";
		};
/* End PBXGroup section */

/* Begin PBXNativeTarget section */
		A49898BE1B79463800FF8C1B /* MusicLibrary */ = {
			isa = PBXNativeTarget;
			buildConfigurationList = A49898E71B79463800FF8C1B /* Build configuration list for PBXNativeTarget "MusicLibrary" */;
			buildPhases = (
				A49898BB1B79463800FF8C1B /* Sources */,
				A49898BC1B79463800FF8C1B /* Frameworks */,
				A49898BD1B79463800FF8C1B /* Resources */,
			);
			buildRules = (
			);
			dependencies = (
			);
			name = MusicLibrary;
			productName = MusicLibrary;
			productReference = A49898BF1B79463800FF8C1B /* MusicLibrary.app */;
			productType = "com.apple.product-type.application";
		};
		A49898D21B79463800FF8C1B /* MusicLibraryTests */ = {
			isa = PBXNativeTarget;
			buildConfigurationList = A49898EA1B79463800FF8C1B /* Build configuration list for PBXNativeTarget "MusicLibraryTests" */;
			buildPhases = (
				A49898CF1B79463800FF8C1B /* Sources */,
				A49898D01B79463800FF8C1B /* Frameworks */,
				A49898D11B79463800FF8C1B /* Resources */,
			);
			buildRules = (
			);
			dependencies = (
				A49898D51B79463800FF8C1B /* PBXTargetDependency */,
			);
			name = MusicLibraryTests;
			productName = MusicLibraryTests;
			productReference = A49898D31B79463800FF8C1B /* MusicLibraryTests.xctest */;
			productType = "com.apple.product-type.bundle.unit-test";
		};
		A49898DD1B79463800FF8C1B /* MusicLibraryUITests */ = {
			isa = PBXNativeTarget;
			buildConfigurationList = A49898ED1B79463800FF8C1B /* Build configuration list for PBXNativeTarget "MusicLibraryUITests" */;
			buildPhases = (
				A49898DA1B79463800FF8C1B /* Sources */,
				A49898DB1B79463800FF8C1B /* Frameworks */,
				A49898DC1B79463800FF8C1B /* Resources */,
			);
			buildRules = (
			);
			dependencies = (
				A49898E01B79463800FF8C1B /* PBXTargetDependency */,
			);
			name = MusicLibraryUITests;
			productName = MusicLibraryUITests;
			productReference = A49898DE1B79463800FF8C1B /* MusicLibraryUITests.xctest */;
			productType = "com.apple.product-type.bundle.ui-testing";
		};
/* End PBXNativeTarget section */

/* Begin PBXProject section */
		A49898B71B79463800FF8C1B /* Project object */ = {
			isa = PBXProject;
			attributes = {
				LastUpgradeCheck = 0700;
				ORGANIZATIONNAME = "Pawan Selokar";
				TargetAttributes = {
					A49898BE1B79463800FF8C1B = {
						CreatedOnToolsVersion = 7.0;
					};
					A49898D21B79463800FF8C1B = {
						CreatedOnToolsVersion = 7.0;
						TestTargetID = A49898BE1B79463800FF8C1B;
					};
					A49898DD1B79463800FF8C1B = {
						CreatedOnToolsVersion = 7.0;
						TestTargetID = A49898BE1B79463800FF8C1B;
					};
				};
			};
			buildConfigurationList = A49898BA1B79463800FF8C1B /* Build configuration list for PBXProject "MusicLibrary" */;
			compatibilityVersion = "Xcode 3.2";
			developmentRegion = English;
			hasScannedForEncodings = 0;
			knownRegions = (
				en,
				Base,
			);
			mainGroup = A49898B61B79463800FF8C1B;
			productRefGroup = A49898C01B79463800FF8C1B /* Products */;
			projectDirPath = "";
			projectRoot = "";
			targets = (
				A49898BE1B79463800FF8C1B /* MusicLibrary */,
				A49898D21B79463800FF8C1B /* MusicLibraryTests */,
				A49898DD1B79463800FF8C1B /* MusicLibraryUITests */,
			);
		};
/* End PBXProject section */

/* Begin PBXResourcesBuildPhase section */
		A49898BD1B79463800FF8C1B /* Resources */ = {
			isa = PBXResourcesBuildPhase;
			buildActionMask = 2147483647;
			files = (
				A49898CD1B79463800FF8C1B /* LaunchScreen.storyboard in Resources */,
				A49898CA1B79463800FF8C1B /* Assets.xcassets in Resources */,
				A49898C81B79463800FF8C1B /* Main.storyboard in Resources */,
			);
			runOnlyForDeploymentPostprocessing = 0;
		};
		A49898D11B79463800FF8C1B /* Resources */ = {
			isa = PBXResourcesBuildPhase;
			buildActionMask = 2147483647;
			files = (
			);
			runOnlyForDeploymentPostprocessing = 0;
		};
		A49898DC1B79463800FF8C1B /* Resources */ = {
			isa = PBXResourcesBuildPhase;
			buildActionMask = 2147483647;
			files = (
			);
			runOnlyForDeploymentPostprocessing = 0;
		};
/* End PBXResourcesBuildPhase section */

/* Begin PBXSourcesBuildPhase section */
		A49898BB1B79463800FF8C1B /* Sources */ = {
			isa = PBXSourcesBuildPhase;
			buildActionMask = 2147483647;
			files = (
				A49898C51B79463800FF8C1B /* ViewController.swift in Sources */,
				A49898F91B7997E000FF8C1B /* LibraryAPI.swift in Sources */,
				A49898C31B79463800FF8C1B /* AppDelegate.swift in Sources */,
				A49898FD1B799FE600FF8C1B /* HTTPClient.swift in Sources */,
				A49898FB1B799A5B00FF8C1B /* PersistanceManager.swift in Sources */,
				A49898F51B79480200FF8C1B /* AlbumView.swift in Sources */,
				A49898F31B79467000FF8C1B /* Album.swift in Sources */,
			);
			runOnlyForDeploymentPostprocessing = 0;
		};
		A49898CF1B79463800FF8C1B /* Sources */ = {
			isa = PBXSourcesBuildPhase;
			buildActionMask = 2147483647;
			files = (
				A49898D81B79463800FF8C1B /* MusicLibraryTests.swift in Sources */,
			);
			runOnlyForDeploymentPostprocessing = 0;
		};
		A49898DA1B79463800FF8C1B /* Sources */ = {
			isa = PBXSourcesBuildPhase;
			buildActionMask = 2147483647;
			files = (
				A49898E31B79463800FF8C1B /* MusicLibraryUITests.swift in Sources */,
			);
			runOnlyForDeploymentPostprocessing = 0;
		};
/* End PBXSourcesBuildPhase section */

/* Begin PBXTargetDependency section */
		A49898D51B79463800FF8C1B /* PBXTargetDependency */ = {
			isa = PBXTargetDependency;
			target = A49898BE1B79463800FF8C1B /* MusicLibrary */;
			targetProxy = A49898D41B79463800FF8C1B /* PBXContainerItemProxy */;
		};
		A49898E01B79463800FF8C1B /* PBXTargetDependency */ = {
			isa = PBXTargetDependency;
			target = A49898BE1B79463800FF8C1B /* MusicLibrary */;
			targetProxy = A49898DF1B79463800FF8C1B /* PBXContainerItemProxy */;
		};
/* End PBXTargetDependency section */

/* Begin PBXVariantGroup section */
		A49898C61B79463800FF8C1B /* Main.storyboard */ = {
			isa = PBXVariantGroup;
			children = (
				A49898C71B79463800FF8C1B /* Base */,
			);
			name = Main.storyboard;
			sourceTree = "<group>";
		};
		A49898CB1B79463800FF8C1B /* LaunchScreen.storyboard */ = {
			isa = PBXVariantGroup;
			children = (
				A49898CC1B79463800FF8C1B /* Base */,
			);
			name = LaunchScreen.storyboard;
			sourceTree = "<group>";
		};
/* End PBXVariantGroup section */

/* Begin XCBuildConfiguration section */
		A49898E51B79463800FF8C1B /* Debug */ = {
			isa = XCBuildConfiguration;
			buildSettings = {
				ALWAYS_SEARCH_USER_PATHS = NO;
				CLANG_CXX_LANGUAGE_STANDARD = "gnu++0x";
				CLANG_CXX_LIBRARY = "libc++";
				CLANG_ENABLE_MODULES = YES;
				CLANG_ENABLE_OBJC_ARC = YES;
				CLANG_WARN_BOOL_CONVERSION = YES;
				CLANG_WARN_CONSTANT_CONVERSION = YES;
				CLANG_WARN_DIRECT_OBJC_ISA_USAGE = YES_ERROR;
				CLANG_WARN_EMPTY_BODY = YES;
				CLANG_WARN_ENUM_CONVERSION = YES;
				CLANG_WARN_INT_CONVERSION = YES;
				CLANG_WARN_OBJC_ROOT_CLASS = YES_ERROR;
				CLANG_WARN_UNREACHABLE_CODE = YES;
				CLANG_WARN__DUPLICATE_METHOD_MATCH = YES;
				"CODE_SIGN_IDENTITY[sdk=iphoneos*]" = "iPhone Developer";
				COPY_PHASE_STRIP = NO;
				DEBUG_INFORMATION_FORMAT = dwarf;
				ENABLE_STRICT_OBJC_MSGSEND = YES;
				ENABLE_TESTABILITY = YES;
				GCC_C_LANGUAGE_STANDARD = gnu99;
				GCC_DYNAMIC_NO_PIC = NO;
				GCC_NO_COMMON_BLOCKS = YES;
				GCC_OPTIMIZATION_LEVEL = 0;
				GCC_PREPROCESSOR_DEFINITIONS = (
					"DEBUG=1",
					"$(inherited)",
				);
				GCC_WARN_64_TO_32_BIT_CONVERSION = YES;
				GCC_WARN_ABOUT_RETURN_TYPE = YES_ERROR;
				GCC_WARN_UNDECLARED_SELECTOR = YES;
				GCC_WARN_UNINITIALIZED_AUTOS = YES_AGGRESSIVE;
				GCC_WARN_UNUSED_FUNCTION = YES;
				GCC_WARN_UNUSED_VARIABLE = YES;
				IPHONEOS_DEPLOYMENT_TARGET = 9.0;
				MTL_ENABLE_DEBUG_INFO = YES;
				ONLY_ACTIVE_ARCH = YES;
				SDKROOT = iphoneos;
				SWIFT_OPTIMIZATION_LEVEL = "-Onone";
			};
			name = Debug;
		};
		A49898E61B79463800FF8C1B /* Release */ = {
			isa = XCBuildConfiguration;
			buildSettings = {
				ALWAYS_SEARCH_USER_PATHS = NO;
				CLANG_CXX_LANGUAGE_STANDARD = "gnu++0x";
				CLANG_CXX_LIBRARY = "libc++";
				CLANG_ENABLE_MODULES = YES;
				CLANG_ENABLE_OBJC_ARC = YES;
				CLANG_WARN_BOOL_CONVERSION = YES;
				CLANG_WARN_CONSTANT_CONVERSION = YES;
				CLANG_WARN_DIRECT_OBJC_ISA_USAGE = YES_ERROR;
				CLANG_WARN_EMPTY_BODY = YES;
				CLANG_WARN_ENUM_CONVERSION = YES;
				CLANG_WARN_INT_CONVERSION = YES;
				CLANG_WARN_OBJC_ROOT_CLASS = YES_ERROR;
				CLANG_WARN_UNREACHABLE_CODE = YES;
				CLANG_WARN__DUPLICATE_METHOD_MATCH = YES;
				"CODE_SIGN_IDENTITY[sdk=iphoneos*]" = "iPhone Developer";
				COPY_PHASE_STRIP = NO;
				DEBUG_INFORMATION_FORMAT = "dwarf-with-dsym";
				ENABLE_NS_ASSERTIONS = NO;
				ENABLE_STRICT_OBJC_MSGSEND = YES;
				GCC_C_LANGUAGE_STANDARD = gnu99;
				GCC_NO_COMMON_BLOCKS = YES;
				GCC_WARN_64_TO_32_BIT_CONVERSION = YES;
				GCC_WARN_ABOUT_RETURN_TYPE = YES_ERROR;
				GCC_WARN_UNDECLARED_SELECTOR = YES;
				GCC_WARN_UNINITIALIZED_AUTOS = YES_AGGRESSIVE;
				GCC_WARN_UNUSED_FUNCTION = YES;
				GCC_WARN_UNUSED_VARIABLE = YES;
				IPHONEOS_DEPLOYMENT_TARGET = 9.0;
				MTL_ENABLE_DEBUG_INFO = NO;
				SDKROOT = iphoneos;
				VALIDATE_PRODUCT = YES;
			};
			name = Release;
		};
		A49898E81B79463800FF8C1B /* Debug */ = {
			isa = XCBuildConfiguration;
			buildSettings = {
				ASSETCATALOG_COMPILER_APPICON_NAME = AppIcon;
				INFOPLIST_FILE = MusicLibrary/Info.plist;
				LD_RUNPATH_SEARCH_PATHS = "$(inherited) @executable_path/Frameworks";
				PRODUCT_BUNDLE_IDENTIFIER = com.NeRd.MusicLibrary;
				PRODUCT_NAME = "$(TARGET_NAME)";
			};
			name = Debug;
		};
		A49898E91B79463800FF8C1B /* Release */ = {
			isa = XCBuildConfiguration;
			buildSettings = {
				ASSETCATALOG_COMPILER_APPICON_NAME = AppIcon;
				INFOPLIST_FILE = MusicLibrary/Info.plist;
				LD_RUNPATH_SEARCH_PATHS = "$(inherited) @executable_path/Frameworks";
				PRODUCT_BUNDLE_IDENTIFIER = com.NeRd.MusicLibrary;
				PRODUCT_NAME = "$(TARGET_NAME)";
			};
			name = Release;
		};
		A49898EB1B79463800FF8C1B /* Debug */ = {
			isa = XCBuildConfiguration;
			buildSettings = {
				BUNDLE_LOADER = "$(TEST_HOST)";
				INFOPLIST_FILE = MusicLibraryTests/Info.plist;
				LD_RUNPATH_SEARCH_PATHS = "$(inherited) @executable_path/Frameworks @loader_path/Frameworks";
				PRODUCT_BUNDLE_IDENTIFIER = com.NeRd.MusicLibraryTests;
				PRODUCT_NAME = "$(TARGET_NAME)";
				TEST_HOST = "$(BUILT_PRODUCTS_DIR)/MusicLibrary.app/MusicLibrary";
			};
			name = Debug;
		};
		A49898EC1B79463800FF8C1B /* Release */ = {
			isa = XCBuildConfiguration;
			buildSettings = {
				BUNDLE_LOADER = "$(TEST_HOST)";
				INFOPLIST_FILE = MusicLibraryTests/Info.plist;
				LD_RUNPATH_SEARCH_PATHS = "$(inherited) @executable_path/Frameworks @loader_path/Frameworks";
				PRODUCT_BUNDLE_IDENTIFIER = com.NeRd.MusicLibraryTests;
				PRODUCT_NAME = "$(TARGET_NAME)";
				TEST_HOST = "$(BUILT_PRODUCTS_DIR)/MusicLibrary.app/MusicLibrary";
			};
			name = Release;
		};
		A49898EE1B79463800FF8C1B /* Debug */ = {
			isa = XCBuildConfiguration;
			buildSettings = {
				INFOPLIST_FILE = MusicLibraryUITests/Info.plist;
				LD_RUNPATH_SEARCH_PATHS = "$(inherited) @executable_path/Frameworks @loader_path/Frameworks";
				PRODUCT_BUNDLE_IDENTIFIER = com.NeRd.MusicLibraryUITests;
				PRODUCT_NAME = "$(TARGET_NAME)";
				TEST_TARGET_NAME = MusicLibrary;
				USES_XCTRUNNER = YES;
			};
			name = Debug;
		};
		A49898EF1B79463800FF8C1B /* Release */ = {
			isa = XCBuildConfiguration;
			buildSettings = {
				INFOPLIST_FILE = MusicLibraryUITests/Info.plist;
				LD_RUNPATH_SEARCH_PATHS = "$(inherited) @executable_path/Frameworks @loader_path/Frameworks";
				PRODUCT_BUNDLE_IDENTIFIER = com.NeRd.MusicLibraryUITests;
				PRODUCT_NAME = "$(TARGET_NAME)";
				TEST_TARGET_NAME = MusicLibrary;
				USES_XCTRUNNER = YES;
			};
			name = Release;
		};
/* End XCBuildConfiguration section */

/* Begin XCConfigurationList section */
		A49898BA1B79463800FF8C1B /* Build configuration list for PBXProject "MusicLibrary" */ = {
			isa = XCConfigurationList;
			buildConfigurations = (
				A49898E51B79463800FF8C1B /* Debug */,
				A49898E61B79463800FF8C1B /* Release */,
			);
			defaultConfigurationIsVisible = 0;
			defaultConfigurationName = Release;
		};
		A49898E71B79463800FF8C1B /* Build configuration list for PBXNativeTarget "MusicLibrary" */ = {
			isa = XCConfigurationList;
			buildConfigurations = (
				A49898E81B79463800FF8C1B /* Debug */,
				A49898E91B79463800FF8C1B /* Release */,
			);
			defaultConfigurationIsVisible = 0;
			defaultConfigurationName = Release;
		};
		A49898EA1B79463800FF8C1B /* Build configuration list for PBXNativeTarget "MusicLibraryTests" */ = {
			isa = XCConfigurationList;
			buildConfigurations = (
				A49898EB1B79463800FF8C1B /* Debug */,
				A49898EC1B79463800FF8C1B /* Release */,
			);
			defaultConfigurationIsVisible = 0;
			defaultConfigurationName = Release;
		};
		A49898ED1B79463800FF8C1B /* Build configuration list for PBXNativeTarget "MusicLibraryUITests" */ = {
			isa = XCConfigurationList;
			buildConfigurations = (
				A49898EE1B79463800FF8C1B /* Debug */,
				A49898EF1B79463800FF8C1B /* Release */,
			);
			defaultConfigurationIsVisible = 0;
			defaultConfigurationName = Release;
		};
/* End XCConfigurationList section */
	};
	rootObject = A49898B71B79463800FF8C1B /* Project object */;
}
